
Microsoft Visual Studio Solution File, Format Version 12.00
# Visual Studio Version 17
VisualStudioVersion = 17.6.33617.297
MinimumVisualStudioVersion = 10.0.40219.1
Project("{9A19103F-16F7-4668-BE54-9A1E7A4F7556}") = "WebSignup", "WebSignup\WebSignup.csproj", "{ADA2F5B5-D51A-452D-B618-C51131C9D9BF}"
EndProject
Global
	GlobalSection(SolutionConfigurationPlatforms) = preSolution
		Debug|Any CPU = Debug|Any CPU
		Release|Any CPU = Release|Any CPU
	EndGlobalSection
	GlobalSection(ProjectConfigurationPlatforms) = postSolution
		{ADA2F5B5-D51A-452D-B618-C51131C9D9BF}.Debug|Any CPU.ActiveCfg = Debug|Any CPU
		{ADA2F5B5-D51A-452D-B618-C51131C9D9BF}.Debug|Any CPU.Build.0 = Debug|Any CPU
		{ADA2F5B5-D51A-452D-B618-C51131C9D9BF}.Release|Any CPU.ActiveCfg = Release|Any CPU
		{ADA2F5B5-D51A-452D-B618-C51131C9D9BF}.Release|Any CPU.Build.0 = Release|Any CPU
	EndGlobalSection
	GlobalSection(SolutionProperties) = preSolution
		HideSolutionNode = FALSE
	EndGlobalSection
	GlobalSection(ExtensibilityGlobals) = postSolution
		SolutionGuid = {1BC4CCAB-DDD3-4828-92E7-FD72AC0C35C1}
	EndGlobalSection
EndGlobal
